// !$*UTF8*$!
{
	archiveVersion = 1;
	classes = {
	};
	objectVersion = 50;
	objects = {

/* Begin PBXBuildFile section */
		05014AA821F04479008C499E /* LibraryViewController.swift in Sources */ = {isa = PBXBuildFile; fileRef = 05014AA721F04479008C499E /* LibraryViewController.swift */; };
		05BDDF8E21ED40F30017FD70 /* AppDelegate.swift in Sources */ = {isa = PBXBuildFile; fileRef = 05BDDF8D21ED40F30017FD70 /* AppDelegate.swift */; };
		05BDDF9021ED40F30017FD70 /* PhotoJournalViewController.swift in Sources */ = {isa = PBXBuildFile; fileRef = 05BDDF8F21ED40F30017FD70 /* PhotoJournalViewController.swift */; };
		05BDDF9321ED40F30017FD70 /* Main.storyboard in Resources */ = {isa = PBXBuildFile; fileRef = 05BDDF9121ED40F30017FD70 /* Main.storyboard */; };
		05BDDF9521ED40F40017FD70 /* Assets.xcassets in Resources */ = {isa = PBXBuildFile; fileRef = 05BDDF9421ED40F40017FD70 /* Assets.xcassets */; };
		05BDDF9821ED40F40017FD70 /* LaunchScreen.storyboard in Resources */ = {isa = PBXBuildFile; fileRef = 05BDDF9621ED40F40017FD70 /* LaunchScreen.storyboard */; };
		05BDDFA021ED66810017FD70 /* DataPersistenceManager.swift in Sources */ = {isa = PBXBuildFile; fileRef = 05BDDF9F21ED66810017FD70 /* DataPersistenceManager.swift */; };
		05BDDFA221ED67E60017FD70 /* PJModel.swift in Sources */ = {isa = PBXBuildFile; fileRef = 05BDDFA121ED67E60017FD70 /* PJModel.swift */; };
		05BDDFA421ED68500017FD70 /* File.swift in Sources */ = {isa = PBXBuildFile; fileRef = 05BDDFA321ED68500017FD70 /* File.swift */; };
		05BDDFA621ED68AF0017FD70 /* PhotoJournalModel.swift in Sources */ = {isa = PBXBuildFile; fileRef = 05BDDFA521ED68AF0017FD70 /* PhotoJournalModel.swift */; };
		05F34C5E21EFFCD200E305C6 /* PhotoViewCollectionViewCell.swift in Sources */ = {isa = PBXBuildFile; fileRef = 05F34C5D21EFFCD200E305C6 /* PhotoViewCollectionViewCell.swift */; };
/* End PBXBuildFile section */

/* Begin PBXFileReference section */
		05014AA721F04479008C499E /* LibraryViewController.swift */ = {isa = PBXFileReference; lastKnownFileType = sourcecode.swift; path = LibraryViewController.swift; sourceTree = "<group>"; };
		05BDDF8A21ED40F30017FD70 /* PhotoJournal.app */ = {isa = PBXFileReference; explicitFileType = wrapper.application; includeInIndex = 0; path = PhotoJournal.app; sourceTree = BUILT_PRODUCTS_DIR; };
		05BDDF8D21ED40F30017FD70 /* AppDelegate.swift */ = {isa = PBXFileReference; lastKnownFileType = sourcecode.swift; path = AppDelegate.swift; sourceTree = "<group>"; };
		05BDDF8F21ED40F30017FD70 /* PhotoJournalViewController.swift */ = {isa = PBXFileReference; lastKnownFileType = sourcecode.swift; path = PhotoJournalViewController.swift; sourceTree = "<group>"; };
		05BDDF9221ED40F30017FD70 /* Base */ = {isa = PBXFileReference; lastKnownFileType = file.storyboard; name = Base; path = Base.lproj/Main.storyboard; sourceTree = "<group>"; };
		05BDDF9421ED40F40017FD70 /* Assets.xcassets */ = {isa = PBXFileReference; lastKnownFileType = folder.assetcatalog; path = Assets.xcassets; sourceTree = "<group>"; };
		05BDDF9721ED40F40017FD70 /* Base */ = {isa = PBXFileReference; lastKnownFileType = file.storyboard; name = Base; path = Base.lproj/LaunchScreen.storyboard; sourceTree = "<group>"; };
		05BDDF9921ED40F40017FD70 /* Info.plist */ = {isa = PBXFileReference; lastKnownFileType = text.plist.xml; path = Info.plist; sourceTree = "<group>"; };
		05BDDF9F21ED66810017FD70 /* DataPersistenceManager.swift */ = {isa = PBXFileReference; lastKnownFileType = sourcecode.swift; path = DataPersistenceManager.swift; sourceTree = "<group>"; };
		05BDDFA121ED67E60017FD70 /* PJModel.swift */ = {isa = PBXFileReference; lastKnownFileType = sourcecode.swift; path = PJModel.swift; sourceTree = "<group>"; };
		05BDDFA321ED68500017FD70 /* File.swift */ = {isa = PBXFileReference; lastKnownFileType = sourcecode.swift; path = File.swift; sourceTree = "<group>"; };
		05BDDFA521ED68AF0017FD70 /* PhotoJournalModel.swift */ = {isa = PBXFileReference; lastKnownFileType = sourcecode.swift; path = PhotoJournalModel.swift; sourceTree = "<group>"; };
		05F34C5D21EFFCD200E305C6 /* PhotoViewCollectionViewCell.swift */ = {isa = PBXFileReference; lastKnownFileType = sourcecode.swift; path = PhotoViewCollectionViewCell.swift; sourceTree = "<group>"; };
/* End PBXFileReference section */

/* Begin PBXFrameworksBuildPhase section */
		05BDDF8721ED40F30017FD70 /* Frameworks */ = {
			isa = PBXFrameworksBuildPhase;
			buildActionMask = 2147483647;
			files = (
			);
			runOnlyForDeploymentPostprocessing = 0;
		};
/* End PBXFrameworksBuildPhase section */

/* Begin PBXGroup section */
		05BDDF8121ED40F30017FD70 = {
			isa = PBXGroup;
			children = (
				05BDDF8C21ED40F30017FD70 /* PhotoJournal */,
				05BDDF8B21ED40F30017FD70 /* Products */,
			);
			sourceTree = "<group>";
		};
		05BDDF8B21ED40F30017FD70 /* Products */ = {
			isa = PBXGroup;
			children = (
				05BDDF8A21ED40F30017FD70 /* PhotoJournal.app */,
			);
			name = Products;
			sourceTree = "<group>";
		};
		05BDDF8C21ED40F30017FD70 /* PhotoJournal */ = {
			isa = PBXGroup;
			children = (
				05BDDF8D21ED40F30017FD70 /* AppDelegate.swift */,
				05F34C5A21EFF57C00E305C6 /* File Manager Services */,
				05F34C5C21EFF5AC00E305C6 /* Controllers */,
				05F34C5B21EFF5A100E305C6 /* Models */,
				05BDDFA521ED68AF0017FD70 /* PhotoJournalModel.swift */,
				05BDDFA321ED68500017FD70 /* File.swift */,
				05BDDF9121ED40F30017FD70 /* Main.storyboard */,
				05BDDF9421ED40F40017FD70 /* Assets.xcassets */,
				05BDDF9621ED40F40017FD70 /* LaunchScreen.storyboard */,
				05BDDF9921ED40F40017FD70 /* Info.plist */,
			);
			path = PhotoJournal;
			sourceTree = "<group>";
		};
		05F34C5A21EFF57C00E305C6 /* File Manager Services */ = {
			isa = PBXGroup;
			children = (
				05BDDF9F21ED66810017FD70 /* DataPersistenceManager.swift */,
			);
			path = "File Manager Services";
			sourceTree = "<group>";
		};
		05F34C5B21EFF5A100E305C6 /* Models */ = {
			isa = PBXGroup;
			children = (
				05BDDFA121ED67E60017FD70 /* PJModel.swift */,
			);
			path = Models;
			sourceTree = "<group>";
		};
		05F34C5C21EFF5AC00E305C6 /* Controllers */ = {
			isa = PBXGroup;
			children = (
				05BDDF8F21ED40F30017FD70 /* PhotoJournalViewController.swift */,
				05F34C5D21EFFCD200E305C6 /* PhotoViewCollectionViewCell.swift */,
				05014AA721F04479008C499E /* LibraryViewController.swift */,
			);
			path = Controllers;
			sourceTree = "<group>";
		};
/* End PBXGroup section */

/* Begin PBXNativeTarget section */
		05BDDF8921ED40F30017FD70 /* PhotoJournal */ = {
			isa = PBXNativeTarget;
			buildConfigurationList = 05BDDF9C21ED40F40017FD70 /* Build configuration list for PBXNativeTarget "PhotoJournal" */;
			buildPhases = (
				05BDDF8621ED40F30017FD70 /* Sources */,
				05BDDF8721ED40F30017FD70 /* Frameworks */,
				05BDDF8821ED40F30017FD70 /* Resources */,
			);
			buildRules = (
			);
			dependencies = (
			);
			name = PhotoJournal;
			productName = PhotoJournal;
			productReference = 05BDDF8A21ED40F30017FD70 /* PhotoJournal.app */;
			productType = "com.apple.product-type.application";
		};
/* End PBXNativeTarget section */

/* Begin PBXProject section */
		05BDDF8221ED40F30017FD70 /* Project object */ = {
			isa = PBXProject;
			attributes = {
				LastSwiftUpdateCheck = 1010;
				LastUpgradeCheck = 1010;
				ORGANIZATIONNAME = "Genesis Mosquera";
				TargetAttributes = {
					05BDDF8921ED40F30017FD70 = {
						CreatedOnToolsVersion = 10.1;
					};
				};
			};
			buildConfigurationList = 05BDDF8521ED40F30017FD70 /* Build configuration list for PBXProject "PhotoJournal" */;
			compatibilityVersion = "Xcode 9.3";
			developmentRegion = en;
			hasScannedForEncodings = 0;
			knownRegions = (
				en,
				Base,
			);
			mainGroup = 05BDDF8121ED40F30017FD70;
			productRefGroup = 05BDDF8B21ED40F30017FD70 /* Products */;
			projectDirPath = "";
			projectRoot = "";
			targets = (
				05BDDF8921ED40F30017FD70 /* PhotoJournal */,
			);
		};
/* End PBXProject section */

/* Begin PBXResourcesBuildPhase section */
		05BDDF8821ED40F30017FD70 /* Resources */ = {
			isa = PBXResourcesBuildPhase;
			buildActionMask = 2147483647;
			files = (
				05BDDF9821ED40F40017FD70 /* LaunchScreen.storyboard in Resources */,
				05BDDF9521ED40F40017FD70 /* Assets.xcassets in Resources */,
				05BDDF9321ED40F30017FD70 /* Main.storyboard in Resources */,
			);
			runOnlyForDeploymentPostprocessing = 0;
		};
/* End PBXResourcesBuildPhase section */

/* Begin PBXSourcesBuildPhase section */
		05BDDF8621ED40F30017FD70 /* Sources */ = {
			isa = PBXSourcesBuildPhase;
			buildActionMask = 2147483647;
			files = (
				05BDDFA421ED68500017FD70 /* File.swift in Sources */,
				05BDDFA021ED66810017FD70 /* DataPersistenceManager.swift in Sources */,
				05014AA821F04479008C499E /* LibraryViewController.swift in Sources */,
				05F34C5E21EFFCD200E305C6 /* PhotoViewCollectionViewCell.swift in Sources */,
				05BDDF9021ED40F30017FD70 /* PhotoJournalViewController.swift in Sources */,
				05BDDF8E21ED40F30017FD70 /* AppDelegate.swift in Sources */,
				05BDDFA621ED68AF0017FD70 /* PhotoJournalModel.swift in Sources */,
				05BDDFA221ED67E60017FD70 /* PJModel.swift in Sources */,
			);
			runOnlyForDeploymentPostprocessing = 0;
		};
/* End PBXSourcesBuildPhase section */

/* Begin PBXVariantGroup section */
		05BDDF9121ED40F30017FD70 /* Main.storyboard */ = {
			isa = PBXVariantGroup;
			children = (
				05BDDF9221ED40F30017FD70 /* Base */,
			);
			name = Main.storyboard;
			sourceTree = "<group>";
		};
		05BDDF9621ED40F40017FD70 /* LaunchScreen.storyboard */ = {
			isa = PBXVariantGroup;
			children = (
				05BDDF9721ED40F40017FD70 /* Base */,
			);
			name = LaunchScreen.storyboard;
			sourceTree = "<group>";
		};
/* End PBXVariantGroup section */

/* Begin XCBuildConfiguration section */
		05BDDF9A21ED40F40017FD70 /* Debug */ = {
			isa = XCBuildConfiguration;
			buildSettings = {
				ALWAYS_SEARCH_USER_PATHS = NO;
				CLANG_ANALYZER_NONNULL = YES;
				CLANG_ANALYZER_NUMBER_OBJECT_CONVERSION = YES_AGGRESSIVE;
				CLANG_CXX_LANGUAGE_STANDARD = "gnu++14";
				CLANG_CXX_LIBRARY = "libc++";
				CLANG_ENABLE_MODULES = YES;
				CLANG_ENABLE_OBJC_ARC = YES;
				CLANG_ENABLE_OBJC_WEAK = YES;
				CLANG_WARN_BLOCK_CAPTURE_AUTORELEASING = YES;
				CLANG_WARN_BOOL_CONVERSION = YES;
				CLANG_WARN_COMMA = YES;
				CLANG_WARN_CONSTANT_CONVERSION = YES;
				CLANG_WARN_DEPRECATED_OBJC_IMPLEMENTATIONS = YES;
				CLANG_WARN_DIRECT_OBJC_ISA_USAGE = YES_ERROR;
				CLANG_WARN_DOCUMENTATION_COMMENTS = YES;
				CLANG_WARN_EMPTY_BODY = YES;
				CLANG_WARN_ENUM_CONVERSION = YES;
				CLANG_WARN_INFINITE_RECURSION = YES;
				CLANG_WARN_INT_CONVERSION = YES;
				CLANG_WARN_NON_LITERAL_NULL_CONVERSION = YES;
				CLANG_WARN_OBJC_IMPLICIT_RETAIN_SELF = YES;
				CLANG_WARN_OBJC_LITERAL_CONVERSION = YES;
				CLANG_WARN_OBJC_ROOT_CLASS = YES_ERROR;
				CLANG_WARN_RANGE_LOOP_ANALYSIS = YES;
				CLANG_WARN_STRICT_PROTOTYPES = YES;
				CLANG_WARN_SUSPICIOUS_MOVE = YES;
				CLANG_WARN_UNGUARDED_AVAILABILITY = YES_AGGRESSIVE;
				CLANG_WARN_UNREACHABLE_CODE = YES;
				CLANG_WARN__DUPLICATE_METHOD_MATCH = YES;
				CODE_SIGN_IDENTITY = "iPhone Developer";
				COPY_PHASE_STRIP = NO;
				DEBUG_INFORMATION_FORMAT = dwarf;
				ENABLE_STRICT_OBJC_MSGSEND = YES;
				ENABLE_TESTABILITY = YES;
				GCC_C_LANGUAGE_STANDARD = gnu11;
				GCC_DYNAMIC_NO_PIC = NO;
				GCC_NO_COMMON_BLOCKS = YES;
				GCC_OPTIMIZATION_LEVEL = 0;
				GCC_PREPROCESSOR_DEFINITIONS = (
					"DEBUG=1",
					"$(inherited)",
				);
				GCC_WARN_64_TO_32_BIT_CONVERSION = YES;
				GCC_WARN_ABOUT_RETURN_TYPE = YES_ERROR;
				GCC_WARN_UNDECLARED_SELECTOR = YES;
				GCC_WARN_UNINITIALIZED_AUTOS = YES_AGGRESSIVE;
				GCC_WARN_UNUSED_FUNCTION = YES;
				GCC_WARN_UNUSED_VARIABLE = YES;
				IPHONEOS_DEPLOYMENT_TARGET = 12.1;
				MTL_ENABLE_DEBUG_INFO = INCLUDE_SOURCE;
				MTL_FAST_MATH = YES;
				ONLY_ACTIVE_ARCH = YES;
				SDKROOT = iphoneos;
				SWIFT_ACTIVE_COMPILATION_CONDITIONS = DEBUG;
				SWIFT_OPTIMIZATION_LEVEL = "-Onone";
			};
			name = Debug;
		};
		05BDDF9B21ED40F40017FD70 /* Release */ = {
			isa = XCBuildConfiguration;
			buildSettings = {
				ALWAYS_SEARCH_USER_PATHS = NO;
				CLANG_ANALYZER_NONNULL = YES;
				CLANG_ANALYZER_NUMBER_OBJECT_CONVERSION = YES_AGGRESSIVE;
				CLANG_CXX_LANGUAGE_STANDARD = "gnu++14";
				CLANG_CXX_LIBRARY = "libc++";
				CLANG_ENABLE_MODULES = YES;
				CLANG_ENABLE_OBJC_ARC = YES;
				CLANG_ENABLE_OBJC_WEAK = YES;
				CLANG_WARN_BLOCK_CAPTURE_AUTORELEASING = YES;
				CLANG_WARN_BOOL_CONVERSION = YES;
				CLANG_WARN_COMMA = YES;
				CLANG_WARN_CONSTANT_CONVERSION = YES;
				CLANG_WARN_DEPRECATED_OBJC_IMPLEMENTATIONS = YES;
				CLANG_WARN_DIRECT_OBJC_ISA_USAGE = YES_ERROR;
				CLANG_WARN_DOCUMENTATION_COMMENTS = YES;
				CLANG_WARN_EMPTY_BODY = YES;
				CLANG_WARN_ENUM_CONVERSION = YES;
				CLANG_WARN_INFINITE_RECURSION = YES;
				CLANG_WARN_INT_CONVERSION = YES;
				CLANG_WARN_NON_LITERAL_NULL_CONVERSION = YES;
				CLANG_WARN_OBJC_IMPLICIT_RETAIN_SELF = YES;
				CLANG_WARN_OBJC_LITERAL_CONVERSION = YES;
				CLANG_WARN_OBJC_ROOT_CLASS = YES_ERROR;
				CLANG_WARN_RANGE_LOOP_ANALYSIS = YES;
				CLANG_WARN_STRICT_PROTOTYPES = YES;
				CLANG_WARN_SUSPICIOUS_MOVE = YES;
				CLANG_WARN_UNGUARDED_AVAILABILITY = YES_AGGRESSIVE;
				CLANG_WARN_UNREACHABLE_CODE = YES;
				CLANG_WARN__DUPLICATE_METHOD_MATCH = YES;
				CODE_SIGN_IDENTITY = "iPhone Developer";
				COPY_PHASE_STRIP = NO;
				DEBUG_INFORMATION_FORMAT = "dwarf-with-dsym";
				ENABLE_NS_ASSERTIONS = NO;
				ENABLE_STRICT_OBJC_MSGSEND = YES;
				GCC_C_LANGUAGE_STANDARD = gnu11;
				GCC_NO_COMMON_BLOCKS = YES;
				GCC_WARN_64_TO_32_BIT_CONVERSION = YES;
				GCC_WARN_ABOUT_RETURN_TYPE = YES_ERROR;
				GCC_WARN_UNDECLARED_SELECTOR = YES;
				GCC_WARN_UNINITIALIZED_AUTOS = YES_AGGRESSIVE;
				GCC_WARN_UNUSED_FUNCTION = YES;
				GCC_WARN_UNUSED_VARIABLE = YES;
				IPHONEOS_DEPLOYMENT_TARGET = 12.1;
				MTL_ENABLE_DEBUG_INFO = NO;
				MTL_FAST_MATH = YES;
				SDKROOT = iphoneos;
				SWIFT_COMPILATION_MODE = wholemodule;
				SWIFT_OPTIMIZATION_LEVEL = "-O";
				VALIDATE_PRODUCT = YES;
			};
			name = Release;
		};
		05BDDF9D21ED40F40017FD70 /* Debug */ = {
			isa = XCBuildConfiguration;
			buildSettings = {
				ASSETCATALOG_COMPILER_APPICON_NAME = AppIcon;
				CODE_SIGN_STYLE = Automatic;
				DEVELOPMENT_TEAM = 9DV268QUJB;
				INFOPLIST_FILE = PhotoJournal/Info.plist;
				LD_RUNPATH_SEARCH_PATHS = (
					"$(inherited)",
					"@executable_path/Frameworks",
				);
				PRODUCT_BUNDLE_IDENTIFIER = com.genceci.PhotoJournal;
				PRODUCT_NAME = "$(TARGET_NAME)";
				SWIFT_VERSION = 4.2;
				TARGETED_DEVICE_FAMILY = "1,2";
			};
			name = Debug;
		};
		05BDDF9E21ED40F40017FD70 /* Release */ = {
			isa = XCBuildConfiguration;
			buildSettings = {
				ASSETCATALOG_COMPILER_APPICON_NAME = AppIcon;
				CODE_SIGN_STYLE = Automatic;
				DEVELOPMENT_TEAM = 9DV268QUJB;
				INFOPLIST_FILE = PhotoJournal/Info.plist;
				LD_RUNPATH_SEARCH_PATHS = (
					"$(inherited)",
					"@executable_path/Frameworks",
				);
				PRODUCT_BUNDLE_IDENTIFIER = com.genceci.PhotoJournal;
				PRODUCT_NAME = "$(TARGET_NAME)";
				SWIFT_VERSION = 4.2;
				TARGETED_DEVICE_FAMILY = "1,2";
			};
			name = Release;
		};
/* End XCBuildConfiguration section */

/* Begin XCConfigurationList section */
		05BDDF8521ED40F30017FD70 /* Build configuration list for PBXProject "PhotoJournal" */ = {
			isa = XCConfigurationList;
			buildConfigurations = (
				05BDDF9A21ED40F40017FD70 /* Debug */,
				05BDDF9B21ED40F40017FD70 /* Release */,
			);
			defaultConfigurationIsVisible = 0;
			defaultConfigurationName = Release;
		};
		05BDDF9C21ED40F40017FD70 /* Build configuration list for PBXNativeTarget "PhotoJournal" */ = {
			isa = XCConfigurationList;
			buildConfigurations = (
				05BDDF9D21ED40F40017FD70 /* Debug */,
				05BDDF9E21ED40F40017FD70 /* Release */,
			);
			defaultConfigurationIsVisible = 0;
			defaultConfigurationName = Release;
		};
/* End XCConfigurationList section */
	};
	rootObject = 05BDDF8221ED40F30017FD70 /* Project object */;
}
